
Microsoft Visual Studio Solution File, Format Version 12.00
# Visual Studio Version 16
VisualStudioVersion = 16.0.30204.135
MinimumVisualStudioVersion = 10.0.40219.1
Project("{FAE04EC0-301F-11D3-BF4B-00C04F79EFBC}") = "Lesson9_PolymorphismAndFSO", "Lesson9_PolymorphismAndFSO.csproj", "{FF29F802-1B8A-4EDC-9CAF-6C522CF59E08}"
EndProject
Global
	GlobalSection(SolutionConfigurationPlatforms) = preSolution
		Debug|Any CPU = Debug|Any CPU
		Release|Any CPU = Release|Any CPU
	EndGlobalSection
	GlobalSection(ProjectConfigurationPlatforms) = postSolution
		{FF29F802-1B8A-4EDC-9CAF-6C522CF59E08}.Debug|Any CPU.ActiveCfg = Debug|Any CPU
		{FF29F802-1B8A-4EDC-9CAF-6C522CF59E08}.Debug|Any CPU.Build.0 = Debug|Any CPU
		{FF29F802-1B8A-4EDC-9CAF-6C522CF59E08}.Release|Any CPU.ActiveCfg = Release|Any CPU
		{FF29F802-1B8A-4EDC-9CAF-6C522CF59E08}.Release|Any CPU.Build.0 = Release|Any CPU
	EndGlobalSection
	GlobalSection(SolutionProperties) = preSolution
		HideSolutionNode = FALSE
	EndGlobalSection
	GlobalSection(ExtensibilityGlobals) = postSolution
		SolutionGuid = {032B1741-B896-4810-A4BF-05440B29EFB8}
	EndGlobalSection
EndGlobal
